
Microsoft Visual Studio Solution File, Format Version 12.00
# Visual Studio 15
VisualStudioVersion = 15.0.27703.2035
MinimumVisualStudioVersion = 10.0.40219.1
Project("{8BC9CEB8-8B4A-11D0-8D11-00A0C91BC942}") = "IMCompress", "IMCompress\IMCompress.vcxproj", "{BBDA39EA-9A3D-4798-B92E-4398F99F146B}"
EndProject
Global
	GlobalSection(SolutionConfigurationPlatforms) = preSolution
		Debug|x64 = Debug|x64
		Debug|x86 = Debug|x86
		Release|x64 = Release|x64
		Release|x86 = Release|x86
	EndGlobalSection
	GlobalSection(ProjectConfigurationPlatforms) = postSolution
		{BBDA39EA-9A3D-4798-B92E-4398F99F146B}.Debug|x64.ActiveCfg = Debug|x64
		{BBDA39EA-9A3D-4798-B92E-4398F99F146B}.Debug|x64.Build.0 = Debug|x64
		{BBDA39EA-9A3D-4798-B92E-4398F99F146B}.Debug|x86.ActiveCfg = Debug|Win32
		{BBDA39EA-9A3D-4798-B92E-4398F99F146B}.Debug|x86.Build.0 = Debug|Win32
		{BBDA39EA-9A3D-4798-B92E-4398F99F146B}.Release|x64.ActiveCfg = Release|x64
		{BBDA39EA-9A3D-4798-B92E-4398F99F146B}.Release|x64.Build.0 = Release|x64
		{BBDA39EA-9A3D-4798-B92E-4398F99F146B}.Release|x86.ActiveCfg = Release|Win32
		{BBDA39EA-9A3D-4798-B92E-4398F99F146B}.Release|x86.Build.0 = Release|Win32
	EndGlobalSection
	GlobalSection(SolutionProperties) = preSolution
		HideSolutionNode = FALSE
	EndGlobalSection
	GlobalSection(ExtensibilityGlobals) = postSolution
		SolutionGuid = {FC30F421-E773-43DC-8DB6-A8426DD7CF19}
	EndGlobalSection
EndGlobal
